
Microsoft Visual Studio Solution File, Format Version 12.00
# Visual Studio 15
VisualStudioVersion = 15.0.28307.779
MinimumVisualStudioVersion = 10.0.40219.1
Project("{8BC9CEB8-8B4A-11D0-8D11-00A0C91BC942}") = "DataStructs_Exe1", "DataStructs_Exe1\DataStructs_Exe1.vcxproj", "{37E46CC4-3587-451B-8CD9-33D9397ED24E}"
EndProject
Global
	GlobalSection(SolutionConfigurationPlatforms) = preSolution
		Debug|x64 = Debug|x64
		Debug|x86 = Debug|x86
		Release|x64 = Release|x64
		Release|x86 = Release|x86
	EndGlobalSection
	GlobalSection(ProjectConfigurationPlatforms) = postSolution
		{37E46CC4-3587-451B-8CD9-33D9397ED24E}.Debug|x64.ActiveCfg = Debug|x64
		{37E46CC4-3587-451B-8CD9-33D9397ED24E}.Debug|x64.Build.0 = Debug|x64
		{37E46CC4-3587-451B-8CD9-33D9397ED24E}.Debug|x86.ActiveCfg = Debug|Win32
		{37E46CC4-3587-451B-8CD9-33D9397ED24E}.Debug|x86.Build.0 = Debug|Win32
		{37E46CC4-3587-451B-8CD9-33D9397ED24E}.Release|x64.ActiveCfg = Release|x64
		{37E46CC4-3587-451B-8CD9-33D9397ED24E}.Release|x64.Build.0 = Release|x64
		{37E46CC4-3587-451B-8CD9-33D9397ED24E}.Release|x86.ActiveCfg = Release|Win32
		{37E46CC4-3587-451B-8CD9-33D9397ED24E}.Release|x86.Build.0 = Release|Win32
	EndGlobalSection
	GlobalSection(SolutionProperties) = preSolution
		HideSolutionNode = FALSE
	EndGlobalSection
	GlobalSection(ExtensibilityGlobals) = postSolution
		SolutionGuid = {5EE9371E-DA34-4476-9C80-DE4D9A84F168}
	EndGlobalSection
EndGlobal
